
Microsoft Visual Studio Solution File, Format Version 12.00
Project("{FAE04EC0-301F-11D3-BF4B-00C04F79EFBC}") = "QuizApp", "QuizApp\QuizApp.csproj", "{46BB4B94-3AD6-4C83-BCFB-2304590C5D12}"
EndProject
Global
	GlobalSection(SolutionConfigurationPlatforms) = preSolution
		Debug|Any CPU = Debug|Any CPU
		Release|Any CPU = Release|Any CPU
	EndGlobalSection
	GlobalSection(ProjectConfigurationPlatforms) = postSolution
		{46BB4B94-3AD6-4C83-BCFB-2304590C5D12}.Debug|Any CPU.ActiveCfg = Debug|Any CPU
		{46BB4B94-3AD6-4C83-BCFB-2304590C5D12}.Debug|Any CPU.Build.0 = Debug|Any CPU
		{46BB4B94-3AD6-4C83-BCFB-2304590C5D12}.Release|Any CPU.ActiveCfg = Release|Any CPU
		{46BB4B94-3AD6-4C83-BCFB-2304590C5D12}.Release|Any CPU.Build.0 = Release|Any CPU
	EndGlobalSection
EndGlobal
